{
  "requires": true,
  "lockfileVersion": 1,
  "dependencies": {
    "@ng-bootstrap/ng-bootstrap": {
      "version": "5.1.4",
      "resolved": "https://registry.npmjs.org/@ng-bootstrap/ng-bootstrap/-/ng-bootstrap-5.1.4.tgz",
      "integrity": "sha512-UtL9GBkAMy0O/0Rkc4DG1WoFDWhAnAdvsQuJ1IFLmlN2v6HAX+E84tgUK0n15WLBhYBXXuhRx0dIW2jafjg1xQ==",
      "requires": {
        "tslib": "^1.9.0"
      }
    },
    "@syncfusion/ej2-angular-base": {
      "version": "17.3.27",
      "resolved": "https://registry.npmjs.org/@syncfusion/ej2-angular-base/-/ej2-angular-base-17.3.27.tgz",
      "integrity": "sha512-cszmvpPgUvGRxPEWKNBHPN6wNDIKyzYOPd5S/uwXwGYSto9J1VwyZHeQBCx1v91V9MIwZnJWK4Ixh4iM/cuDBw==",
      "requires": {
        "@syncfusion/ej2-base": "~17.3.27",
        "core-js": "^2.4.1",
        "reflect-metadata": "^0.1.9",
        "rxjs": "^5.0.0",
        "zone.js": "^0.7.2"
      }
    },
    "@syncfusion/ej2-angular-schedule": {
      "version": "17.3.28",
      "resolved": "https://registry.npmjs.org/@syncfusion/ej2-angular-schedule/-/ej2-angular-schedule-17.3.28.tgz",
      "integrity": "sha512-oOWKrpZpCnXVuW3yQNaEULqhwPkzW0uvQdq1BJKqt+WP+B1kjKWunXmq/Ub76vUmnJiVMFJJjcZOLgIMFCRE9A==",
      "requires": {
        "@syncfusion/ej2-angular-base": "~17.3.27",
        "@syncfusion/ej2-base": "~17.3.27",
        "@syncfusion/ej2-schedule": "17.3.28"
      }
    },
    "@syncfusion/ej2-base": {
      "version": "17.3.27",
      "resolved": "https://registry.npmjs.org/@syncfusion/ej2-base/-/ej2-base-17.3.27.tgz",
      "integrity": "sha512-iJ1QzVQElGvDqk8CH99eKQGZIrZiIrXGrZIxJxhjcFHNcL9s0TK1YtDUQI5HBqpfL0IZmK5WtNlRuyt7L5FfyQ==",
      "requires": {
        "@syncfusion/ej2-icons": "~17.3.27"
      }
    },
    "@syncfusion/ej2-buttons": {
      "version": "17.3.27",
      "resolved": "https://registry.npmjs.org/@syncfusion/ej2-buttons/-/ej2-buttons-17.3.27.tgz",
      "integrity": "sha512-xfT85sZCzI88fdU3vUHI504nBkSUyFN7vJr2jO9EBRSo4CjjS4kjKc4ugkz8AT3VTTujJJxIczBHUF1erXbxRg==",
      "requires": {
        "@syncfusion/ej2-base": "~17.3.27"
      }
    },
    "@syncfusion/ej2-calendars": {
      "version": "17.3.28",
      "resolved": "https://registry.npmjs.org/@syncfusion/ej2-calendars/-/ej2-calendars-17.3.28.tgz",
      "integrity": "sha512-6WHpEMbFDJcWBpw2B70HubnY6zccsbQ0upU/SmM1b+4JPxcvsMZlEkKxQ96sVh5MgCWGLFCYSsbAawAEeB4tag==",
      "requires": {
        "@syncfusion/ej2-base": "~17.3.27",
        "@syncfusion/ej2-buttons": "~17.3.27",
        "@syncfusion/ej2-inputs": "~17.3.28",
        "@syncfusion/ej2-lists": "~17.3.27",
        "@syncfusion/ej2-popups": "~17.3.27"
      }
    },
    "@syncfusion/ej2-compression": {
      "version": "17.3.27",
      "resolved": "https://registry.npmjs.org/@syncfusion/ej2-compression/-/ej2-compression-17.3.27.tgz",
      "integrity": "sha512-l2NtfbTSyAyI8mW+ECWKNkPdXLSxrIsvrRJfhObWL+RW41wT9EXEKQAguYBKDmnORCruRhpQlySLb2eln2XVdg==",
      "requires": {
        "@syncfusion/ej2-file-utils": "~17.3.27"
      }
    },
    "@syncfusion/ej2-data": {
      "version": "17.3.27",
      "resolved": "https://registry.npmjs.org/@syncfusion/ej2-data/-/ej2-data-17.3.27.tgz",
      "integrity": "sha512-Hz6SZfv0kMG4YhVGQjfeddMKpcq7LxNBXt6EnwZNcSqKU5+cNvCnnKZZ+u3m4OtxyhSAKri0ArhNhdRP8FAUXw==",
      "requires": {
        "@syncfusion/ej2-base": "~17.3.27"
      }
    },
    "@syncfusion/ej2-dropdowns": {
      "version": "17.3.29",
      "resolved": "https://registry.npmjs.org/@syncfusion/ej2-dropdowns/-/ej2-dropdowns-17.3.29.tgz",
      "integrity": "sha512-wEyuJLeDy8ftEtaGH31LB/dwjP3T/TuDgDKRJCxCwuwctNWnssF+cd8Tnjy+Xco6ZETohZD5aP3+OOj5fE9Mlw==",
      "requires": {
        "@syncfusion/ej2-base": "~17.3.27",
        "@syncfusion/ej2-data": "~17.3.27",
        "@syncfusion/ej2-inputs": "~17.3.29",
        "@syncfusion/ej2-lists": "~17.3.27",
        "@syncfusion/ej2-popups": "~17.3.29"
      }
    },
    "@syncfusion/ej2-excel-export": {
      "version": "17.3.27",
      "resolved": "https://registry.npmjs.org/@syncfusion/ej2-excel-export/-/ej2-excel-export-17.3.27.tgz",
      "integrity": "sha512-xxXn72j6jQTQHg58ruvsoutMPvB6Xs2pcVpW4zULJzvH6lQXamGcdVi69hq/pQVyk+PBg/ZZ0xZKjk/ErXcpRg==",
      "requires": {
        "@syncfusion/ej2-base": "~17.3.27",
        "@syncfusion/ej2-compression": "~17.3.27"
      }
    },
    "@syncfusion/ej2-file-utils": {
      "version": "17.3.27",
      "resolved": "https://registry.npmjs.org/@syncfusion/ej2-file-utils/-/ej2-file-utils-17.3.27.tgz",
      "integrity": "sha512-a9+euE8dbrgIUVVuGmI7ARP/7JS0uPqgwY02gmkxdGhTlmOwEMH0z3U/tskAkL1Gq3vhejCG1PEsq6jFz1ypew=="
    },
    "@syncfusion/ej2-icons": {
      "version": "17.3.27",
      "resolved": "https://registry.npmjs.org/@syncfusion/ej2-icons/-/ej2-icons-17.3.27.tgz",
      "integrity": "sha512-0MM+93IrtXCnyXybVLjyRdy8JSJ4diCC0gZagFc1VhBofhZqrpWlCLt3C0SUyfsSvuMyYZUisR41iwqRP84yIQ=="
    },
    "@syncfusion/ej2-inputs": {
      "version": "17.3.29",
      "resolved": "https://registry.npmjs.org/@syncfusion/ej2-inputs/-/ej2-inputs-17.3.29.tgz",
      "integrity": "sha512-zr2eRnhZ7t54I+dcORsFhjv2lyFfkxk1RRl4cUkNGeyera8hBDbVNERMNgIDgOH31SLHhtwQacZ3NOXCVfj2GQ==",
      "requires": {
        "@syncfusion/ej2-base": "~17.3.27",
        "@syncfusion/ej2-buttons": "~17.3.27",
        "@syncfusion/ej2-popups": "~17.3.29",
        "@syncfusion/ej2-splitbuttons": "~17.3.27"
      }
    },
    "@syncfusion/ej2-lists": {
      "version": "17.3.27",
      "resolved": "https://registry.npmjs.org/@syncfusion/ej2-lists/-/ej2-lists-17.3.27.tgz",
      "integrity": "sha512-WuApIU/5q5v39HCrmNRsXS++mCOPyef5L/jVWd0TipFjBLaWsY1HYzJkfsaT9xTQLjUdTx4grvHe3KOf38NlEQ==",
      "requires": {
        "@syncfusion/ej2-base": "~17.3.27",
        "@syncfusion/ej2-buttons": "~17.3.27",
        "@syncfusion/ej2-data": "~17.3.27"
      }
    },
    "@syncfusion/ej2-navigations": {
      "version": "17.3.27",
      "resolved": "https://registry.npmjs.org/@syncfusion/ej2-navigations/-/ej2-navigations-17.3.27.tgz",
      "integrity": "sha512-/SY92XM9H55pBbfzOJOqF4DJaIOmAW0ZRX+s1sbTJdTiWyjUYPCwEv7hBIbwCHpr7mXeXi9XPZHAgX5YRJzMwQ==",
      "requires": {
        "@syncfusion/ej2-base": "~17.3.27",
        "@syncfusion/ej2-buttons": "~17.3.27",
        "@syncfusion/ej2-data": "~17.3.27",
        "@syncfusion/ej2-inputs": "~17.3.27",
        "@syncfusion/ej2-lists": "~17.3.27",
        "@syncfusion/ej2-popups": "~17.3.27"
      }
    },
    "@syncfusion/ej2-popups": {
      "version": "17.3.29",
      "resolved": "https://registry.npmjs.org/@syncfusion/ej2-popups/-/ej2-popups-17.3.29.tgz",
      "integrity": "sha512-q/yBW/YvCb29XcpLSPY6NldiiiWZziU7PAzWrey5Dqk1ZeYYPRjgWb3jjYXnDwku84NShqb0aUiF8lcDSPgCZA==",
      "requires": {
        "@syncfusion/ej2-base": "~17.3.27",
        "@syncfusion/ej2-buttons": "~17.3.27"
      }
    },
    "@syncfusion/ej2-schedule": {
      "version": "17.3.28",
      "resolved": "https://registry.npmjs.org/@syncfusion/ej2-schedule/-/ej2-schedule-17.3.28.tgz",
      "integrity": "sha512-wGAoKQR8IKkScer7t3XbHwycSSac6JaJclawjwdFobVx4oDRqarXjqi2Ep097duuMze4dgwBsMIqXfHlwvaRxw==",
      "requires": {
        "@syncfusion/ej2-base": "~17.3.27",
        "@syncfusion/ej2-buttons": "~17.3.27",
        "@syncfusion/ej2-calendars": "~17.3.28",
        "@syncfusion/ej2-data": "~17.3.27",
        "@syncfusion/ej2-dropdowns": "~17.3.28",
        "@syncfusion/ej2-excel-export": "~17.3.27",
        "@syncfusion/ej2-inputs": "~17.3.28",
        "@syncfusion/ej2-lists": "~17.3.27",
        "@syncfusion/ej2-navigations": "~17.3.27",
        "@syncfusion/ej2-popups": "~17.3.27"
      }
    },
    "@syncfusion/ej2-splitbuttons": {
      "version": "17.3.27",
      "resolved": "https://registry.npmjs.org/@syncfusion/ej2-splitbuttons/-/ej2-splitbuttons-17.3.27.tgz",
      "integrity": "sha512-4e9WDyiHLT6S4Jnsv3yFJgSqm0TUe8pCNEYFSV5wmFk20RE4qov4cDTEyNSngK7IFhNdmdfRwjYGpwnOOQzRVQ==",
      "requires": {
        "@syncfusion/ej2-base": "~17.3.27",
        "@syncfusion/ej2-popups": "~17.3.27"
      }
    },
    "angular-draggable-droppable": {
      "version": "4.3.8",
      "resolved": "https://registry.npmjs.org/angular-draggable-droppable/-/angular-draggable-droppable-4.3.8.tgz",
      "integrity": "sha512-IIl3M+oXvaWPfLrbJdvdWcZLJb6/FqhImELNqBhbTlYMudyiJaLn1lUFYWz8xDti+b1eUoJpEPU3hliBYZmAvw==",
      "requires": {
        "dom-autoscroller": "^2.3.4",
        "tslib": "^1.9.0"
      }
    },
    "angular-resizable-element": {
      "version": "3.2.6",
      "resolved": "https://registry.npmjs.org/angular-resizable-element/-/angular-resizable-element-3.2.6.tgz",
      "integrity": "sha512-8vp5w4YFIrZ2M8EmGpIt/yMwLBjkUJe7aPLPxDDQhi5HQWF0HLJ6lb4tXgEzW572roxNnHFg105EM6XGAMZDIg==",
      "requires": {
        "tslib": "^1.9.0"
      }
    },
    "animation-frame-polyfill": {
      "version": "1.0.1",
      "resolved": "https://registry.npmjs.org/animation-frame-polyfill/-/animation-frame-polyfill-1.0.1.tgz",
      "integrity": "sha1-X1rZk6eHlL0Xas3lttzmKGdBDJ0="
    },
    "array-from": {
      "version": "2.1.1",
      "resolved": "https://registry.npmjs.org/array-from/-/array-from-2.1.1.tgz",
      "integrity": "sha1-z+nYwmYoudxa7MYqn12PHzUsEZU="
    },
    "calendar-utils": {
      "version": "0.7.0",
      "resolved": "https://registry.npmjs.org/calendar-utils/-/calendar-utils-0.7.0.tgz",
      "integrity": "sha512-C2hEpXxqQupt9bckAlD8uVpLSBKWmD7rFeEWvd9/LhjbNzx4QVNtHtBcGNWcKV/n6Gz09OhgqsFVKn0oW0vi6A=="
    },
    "core-js": {
      "version": "2.6.10",
      "resolved": "https://registry.npmjs.org/core-js/-/core-js-2.6.10.tgz",
      "integrity": "sha512-I39t74+4t+zau64EN1fE5v2W31Adtc/REhzWN+gWRRXg6WH5qAsZm62DHpQ1+Yhe4047T55jvzz7MUqF/dBBlA=="
    },
    "create-point-cb": {
      "version": "1.2.0",
      "resolved": "https://registry.npmjs.org/create-point-cb/-/create-point-cb-1.2.0.tgz",
      "integrity": "sha1-G85H/E/AGFXuEhONZ2sMsqfLznE=",
      "requires": {
        "type-func": "^1.0.1"
      }
    },
    "date-fns": {
      "version": "2.8.1",
      "resolved": "https://registry.npmjs.org/date-fns/-/date-fns-2.8.1.tgz",
      "integrity": "sha512-EL/C8IHvYRwAHYgFRse4MGAPSqlJVlOrhVYZ75iQBKrnv+ZedmYsgwH3t+BCDuZDXpoo07+q9j4qgSSOa7irJg=="
    },
    "dom-autoscroller": {
      "version": "2.3.4",
      "resolved": "https://registry.npmjs.org/dom-autoscroller/-/dom-autoscroller-2.3.4.tgz",
      "integrity": "sha512-HcAdt/2Dq9x4CG6LWXc2x9Iq0MJPAu8fuzHncclq7byufqYEYVtx9sZ/dyzR+gdj4qwEC9p27Lw1G2HRRYX6jQ==",
      "requires": {
        "animation-frame-polyfill": "^1.0.0",
        "create-point-cb": "^1.0.0",
        "dom-mousemove-dispatcher": "^1.0.1",
        "dom-plane": "^1.0.1",
        "dom-set": "^1.0.1",
        "type-func": "^1.0.1"
      }
    },
    "dom-mousemove-dispatcher": {
      "version": "1.0.1",
      "resolved": "https://registry.npmjs.org/dom-mousemove-dispatcher/-/dom-mousemove-dispatcher-1.0.1.tgz",
      "integrity": "sha1-okpt35Oye7NpT3IIdUalf8fpFA8="
    },
    "dom-plane": {
      "version": "1.0.2",
      "resolved": "https://registry.npmjs.org/dom-plane/-/dom-plane-1.0.2.tgz",
      "integrity": "sha1-+MheaXxYfxR+j8L6wd4HjB/kFyw=",
      "requires": {
        "create-point-cb": "^1.0.0"
      }
    },
    "dom-set": {
      "version": "1.1.1",
      "resolved": "https://registry.npmjs.org/dom-set/-/dom-set-1.1.1.tgz",
      "integrity": "sha1-XCxhDuSDm1IO1fmN28vjFMD6lUo=",
      "requires": {
        "array-from": "^2.1.1",
        "is-array": "^1.0.1",
        "iselement": "^1.1.4"
      }
    },
    "flatpickr": {
      "version": "4.6.3",
      "resolved": "https://registry.npmjs.org/flatpickr/-/flatpickr-4.6.3.tgz",
      "integrity": "sha512-007VucCkqNOMMb9ggRLNuJowwaJcyOh4sKAFcdGfahfGc7JQbf94zSzjdBq/wVyHWUEs5o3+idhFZ0wbZMRmVQ=="
    },
    "is-array": {
      "version": "1.0.1",
      "resolved": "https://registry.npmjs.org/is-array/-/is-array-1.0.1.tgz",
      "integrity": "sha1-6YUMwsyGDDvAl36EzPDdRkWEJ5o="
    },
    "iselement": {
      "version": "1.1.4",
      "resolved": "https://registry.npmjs.org/iselement/-/iselement-1.1.4.tgz",
      "integrity": "sha1-flW1Ko68pQp+LoDluNKEDzI1MUY="
    },
    "positioning": {
      "version": "2.0.0",
      "resolved": "https://registry.npmjs.org/positioning/-/positioning-2.0.0.tgz",
      "integrity": "sha512-iHpJGJVeXAt/DBgVWy+h3UnnfhnUJvTSNfF/ZS6KIb6wlV7bOM5JumC2P872cixR0z34mWdFgwfXijVFFaM1Bg=="
    },
    "reflect-metadata": {
      "version": "0.1.13",
      "resolved": "https://registry.npmjs.org/reflect-metadata/-/reflect-metadata-0.1.13.tgz",
      "integrity": "sha512-Ts1Y/anZELhSsjMcU605fU9RE4Oi3p5ORujwbIKXfWa+0Zxs510Qrmrce5/Jowq3cHSZSJqBjypxmHarc+vEWg=="
    },
    "rxjs": {
      "version": "5.5.12",
      "resolved": "https://registry.npmjs.org/rxjs/-/rxjs-5.5.12.tgz",
      "integrity": "sha512-xx2itnL5sBbqeeiVgNPVuQQ1nC8Jp2WfNJhXWHmElW9YmrpS9UVnNzhP3EH3HFqexO5Tlp8GhYY+WEcqcVMvGw==",
      "requires": {
        "symbol-observable": "1.0.1"
      }
    },
    "sort-by-typescript": {
      "version": "1.0.2",
      "resolved": "https://registry.npmjs.org/sort-by-typescript/-/sort-by-typescript-1.0.2.tgz",
      "integrity": "sha512-LwYGcgQnvvjRTzgqpAg4Y60NBDjJAGfIZtkQ7acIFEHNeQxMHV9LSa8edOUx4rtuD68if8ObeHZYT5XuGasddA=="
    },
    "symbol-observable": {
      "version": "1.0.1",
      "resolved": "https://registry.npmjs.org/symbol-observable/-/symbol-observable-1.0.1.tgz",
      "integrity": "sha1-g0D8RwLDEi310iKI+IKD9RPT/dQ="
    },
    "tslib": {
      "version": "1.10.0",
      "resolved": "https://registry.npmjs.org/tslib/-/tslib-1.10.0.tgz",
      "integrity": "sha512-qOebF53frne81cf0S9B41ByenJ3/IuH8yJKngAX35CmiZySA0khhkovshKK+jGCaMnVomla7gVlIcc3EvKPbTQ=="
    },
    "type-func": {
      "version": "1.0.3",
      "resolved": "https://registry.npmjs.org/type-func/-/type-func-1.0.3.tgz",
      "integrity": "sha1-qxhCNK6A2NUAV87+/zstl9CK6bA="
    },
    "zone.js": {
      "version": "0.7.8",
      "resolved": "https://registry.npmjs.org/zone.js/-/zone.js-0.7.8.tgz",
      "integrity": "sha1-Tz/og01EWX8mOQU6D6Q43zT//e0="
    }
  }
}
